
Microsoft Visual Studio Solution File, Format Version 12.00
# Visual Studio Version 17
VisualStudioVersion = 17.9.34728.123
MinimumVisualStudioVersion = 10.0.40219.1
Project("{FAE04EC0-301F-11D3-BF4B-00C04F79EFBC}") = "TestProject_XUnit", "TestProject_XUnit.csproj", "{17BF9D0B-CA35-487E-B778-6700FC661559}"
EndProject
Project("{FAE04EC0-301F-11D3-BF4B-00C04F79EFBC}") = "MyBasicConsoleApplication", "..\MyBasicConsoleApplication\MyBasicConsoleApplication.csproj", "{35E72887-1B91-41A5-8DF1-D82A7B29B8B6}"
EndProject
Global
	GlobalSection(SolutionConfigurationPlatforms) = preSolution
		Debug|Any CPU = Debug|Any CPU
		Release|Any CPU = Release|Any CPU
	EndGlobalSection
	GlobalSection(ProjectConfigurationPlatforms) = postSolution
		{17BF9D0B-CA35-487E-B778-6700FC661559}.Debug|Any CPU.ActiveCfg = Debug|Any CPU
		{17BF9D0B-CA35-487E-B778-6700FC661559}.Debug|Any CPU.Build.0 = Debug|Any CPU
		{17BF9D0B-CA35-487E-B778-6700FC661559}.Release|Any CPU.ActiveCfg = Release|Any CPU
		{17BF9D0B-CA35-487E-B778-6700FC661559}.Release|Any CPU.Build.0 = Release|Any CPU
		{35E72887-1B91-41A5-8DF1-D82A7B29B8B6}.Debug|Any CPU.ActiveCfg = Debug|Any CPU
		{35E72887-1B91-41A5-8DF1-D82A7B29B8B6}.Debug|Any CPU.Build.0 = Debug|Any CPU
		{35E72887-1B91-41A5-8DF1-D82A7B29B8B6}.Release|Any CPU.ActiveCfg = Release|Any CPU
		{35E72887-1B91-41A5-8DF1-D82A7B29B8B6}.Release|Any CPU.Build.0 = Release|Any CPU
	EndGlobalSection
	GlobalSection(SolutionProperties) = preSolution
		HideSolutionNode = FALSE
	EndGlobalSection
	GlobalSection(ExtensibilityGlobals) = postSolution
		SolutionGuid = {9EC86AE7-4AF0-459E-B234-2FDD7D9E4FF0}
	EndGlobalSection
EndGlobal
